
Microsoft Visual Studio Solution File, Format Version 12.00
# Visual Studio Version 17
VisualStudioVersion = 17.5.33516.290
MinimumVisualStudioVersion = 10.0.40219.1
Project("{9A19103F-16F7-4668-BE54-9A1E7A4F7556}") = "bbit-task", "test-code-rest-api\bbit-task.csproj", "{13DEC8DD-A650-4211-926A-147AC2F8F068}"
EndProject
Global
	GlobalSection(SolutionConfigurationPlatforms) = preSolution
		Debug|Any CPU = Debug|Any CPU
		Release|Any CPU = Release|Any CPU
	EndGlobalSection
	GlobalSection(ProjectConfigurationPlatforms) = postSolution
		{13DEC8DD-A650-4211-926A-147AC2F8F068}.Debug|Any CPU.ActiveCfg = Debug|Any CPU
		{13DEC8DD-A650-4211-926A-147AC2F8F068}.Debug|Any CPU.Build.0 = Debug|Any CPU
		{13DEC8DD-A650-4211-926A-147AC2F8F068}.Release|Any CPU.ActiveCfg = Release|Any CPU
		{13DEC8DD-A650-4211-926A-147AC2F8F068}.Release|Any CPU.Build.0 = Release|Any CPU
	EndGlobalSection
	GlobalSection(SolutionProperties) = preSolution
		HideSolutionNode = FALSE
	EndGlobalSection
	GlobalSection(ExtensibilityGlobals) = postSolution
		SolutionGuid = {BA23E339-CFC1-4292-BEB7-A3A846684663}
	EndGlobalSection
EndGlobal
